
Microsoft Visual Studio Solution File, Format Version 12.00
# Visual Studio Version 17
VisualStudioVersion = 17.11.35327.3
MinimumVisualStudioVersion = 10.0.40219.1
Project("{9A19103F-16F7-4668-BE54-9A1E7A4F7556}") = "Simulator", "Simulator\Simulator.csproj", "{03A00807-D9BA-42D2-9CCF-3B6B3233ADEB}"
EndProject
Project("{FAE04EC0-301F-11D3-BF4B-00C04F79EFBC}") = "Runner", "Runner\Runner.csproj", "{AC066191-8D7A-4D23-9146-971BD4555370}"
EndProject
Project("{FAE04EC0-301F-11D3-BF4B-00C04F79EFBC}") = "TestSimulator", "TestSimulator\TestSimulator.csproj", "{3C3C8DBF-054E-4C0B-B9AA-E327560BDFED}"
EndProject
Project("{FAE04EC0-301F-11D3-BF4B-00C04F79EFBC}") = "SimConsole", "SimConsole\SimConsole.csproj", "{F9F923BB-7BC9-46EB-8517-3932B6EBC740}"
EndProject
Global
	GlobalSection(SolutionConfigurationPlatforms) = preSolution
		Debug|Any CPU = Debug|Any CPU
		Release|Any CPU = Release|Any CPU
	EndGlobalSection
	GlobalSection(ProjectConfigurationPlatforms) = postSolution
		{03A00807-D9BA-42D2-9CCF-3B6B3233ADEB}.Debug|Any CPU.ActiveCfg = Debug|Any CPU
		{03A00807-D9BA-42D2-9CCF-3B6B3233ADEB}.Debug|Any CPU.Build.0 = Debug|Any CPU
		{03A00807-D9BA-42D2-9CCF-3B6B3233ADEB}.Release|Any CPU.ActiveCfg = Release|Any CPU
		{03A00807-D9BA-42D2-9CCF-3B6B3233ADEB}.Release|Any CPU.Build.0 = Release|Any CPU
		{AC066191-8D7A-4D23-9146-971BD4555370}.Debug|Any CPU.ActiveCfg = Debug|Any CPU
		{AC066191-8D7A-4D23-9146-971BD4555370}.Debug|Any CPU.Build.0 = Debug|Any CPU
		{AC066191-8D7A-4D23-9146-971BD4555370}.Release|Any CPU.ActiveCfg = Release|Any CPU
		{AC066191-8D7A-4D23-9146-971BD4555370}.Release|Any CPU.Build.0 = Release|Any CPU
		{3C3C8DBF-054E-4C0B-B9AA-E327560BDFED}.Debug|Any CPU.ActiveCfg = Debug|Any CPU
		{3C3C8DBF-054E-4C0B-B9AA-E327560BDFED}.Debug|Any CPU.Build.0 = Debug|Any CPU
		{3C3C8DBF-054E-4C0B-B9AA-E327560BDFED}.Release|Any CPU.ActiveCfg = Release|Any CPU
		{3C3C8DBF-054E-4C0B-B9AA-E327560BDFED}.Release|Any CPU.Build.0 = Release|Any CPU
		{F9F923BB-7BC9-46EB-8517-3932B6EBC740}.Debug|Any CPU.ActiveCfg = Debug|Any CPU
		{F9F923BB-7BC9-46EB-8517-3932B6EBC740}.Debug|Any CPU.Build.0 = Debug|Any CPU
		{F9F923BB-7BC9-46EB-8517-3932B6EBC740}.Release|Any CPU.ActiveCfg = Release|Any CPU
		{F9F923BB-7BC9-46EB-8517-3932B6EBC740}.Release|Any CPU.Build.0 = Release|Any CPU
	EndGlobalSection
	GlobalSection(SolutionProperties) = preSolution
		HideSolutionNode = FALSE
	EndGlobalSection
	GlobalSection(ExtensibilityGlobals) = postSolution
		SolutionGuid = {F76A5BC9-C9B1-41FC-AAC7-CC1958969056}
	EndGlobalSection
EndGlobal
